
Microsoft Visual Studio Solution File, Format Version 12.00
# Visual Studio 14
VisualStudioVersion = 14.0.23107.0
MinimumVisualStudioVersion = 10.0.40219.1
Project("{FAE04EC0-301F-11D3-BF4B-00C04F79EFBC}") = "ReportingServices", "ReportingServices\ReportingServices.csproj", "{ADA055D2-BC42-47A8-9A00-3D49FCE539AD}"
EndProject
Project("{FAE04EC0-301F-11D3-BF4B-00C04F79EFBC}") = "Biz", "Biz\Biz.csproj", "{0BC4DD0B-9541-46C8-A7DC-D8FC86FBB740}"
EndProject
Project("{FAE04EC0-301F-11D3-BF4B-00C04F79EFBC}") = "SQL", "SQL\SQL.csproj", "{905E72A3-239A-4D01-83B3-FAE7DBE08A04}"
EndProject
Project("{FAE04EC0-301F-11D3-BF4B-00C04F79EFBC}") = "ICEMS_WebManagement", "ICEMS_WebManagement\ICEMS_WebManagement.csproj", "{88FAE179-5363-4378-9129-CB3EBFFE6D80}"
EndProject
Project("{FAE04EC0-301F-11D3-BF4B-00C04F79EFBC}") = "ICEMS_WebManagement.Tests", "ICEMS_WebManagement.Tests\ICEMS_WebManagement.Tests.csproj", "{83BAD053-9184-4D2D-BDA3-CEF3AC6AAD84}"
EndProject
Project("{FAE04EC0-301F-11D3-BF4B-00C04F79EFBC}") = "ICEMS_WebManagement2", "ICEMS_WebManagement2\ICEMS_WebManagement2.csproj", "{45D5FD95-B688-41C2-9140-19B3FD5487C4}"
EndProject
Project("{FAE04EC0-301F-11D3-BF4B-00C04F79EFBC}") = "ICEMS_WebManagement2.Tests", "ICEMS_WebManagement2.Tests\ICEMS_WebManagement2.Tests.csproj", "{DD691819-405F-43EE-B440-579D05B42EEF}"
EndProject
Project("{FAE04EC0-301F-11D3-BF4B-00C04F79EFBC}") = "Common", "..\..\项目\ReportingServices-master\Common\Common.csproj", "{9B4E3474-1D0E-4131-A722-DFE024BEE020}"
EndProject
Project("{FAE04EC0-301F-11D3-BF4B-00C04F79EFBC}") = "DAL", "..\..\项目\ReportingServices-master\DAL\DAL.csproj", "{756D069B-2F0B-4A07-B61A-B388634C3E6B}"
EndProject
Project("{FAE04EC0-301F-11D3-BF4B-00C04F79EFBC}") = "Model", "..\..\项目\ReportingServices-master\Model\Model.csproj", "{3A2E28B4-A763-44D0-8409-1E63A774EB49}"
EndProject
Global
	GlobalSection(SolutionConfigurationPlatforms) = preSolution
		Debug|Any CPU = Debug|Any CPU
		Release|Any CPU = Release|Any CPU
	EndGlobalSection
	GlobalSection(ProjectConfigurationPlatforms) = postSolution
		{ADA055D2-BC42-47A8-9A00-3D49FCE539AD}.Debug|Any CPU.ActiveCfg = Debug|Any CPU
		{ADA055D2-BC42-47A8-9A00-3D49FCE539AD}.Debug|Any CPU.Build.0 = Debug|Any CPU
		{ADA055D2-BC42-47A8-9A00-3D49FCE539AD}.Release|Any CPU.ActiveCfg = Release|Any CPU
		{ADA055D2-BC42-47A8-9A00-3D49FCE539AD}.Release|Any CPU.Build.0 = Release|Any CPU
		{0BC4DD0B-9541-46C8-A7DC-D8FC86FBB740}.Debug|Any CPU.ActiveCfg = Debug|Any CPU
		{0BC4DD0B-9541-46C8-A7DC-D8FC86FBB740}.Debug|Any CPU.Build.0 = Debug|Any CPU
		{0BC4DD0B-9541-46C8-A7DC-D8FC86FBB740}.Release|Any CPU.ActiveCfg = Release|Any CPU
		{0BC4DD0B-9541-46C8-A7DC-D8FC86FBB740}.Release|Any CPU.Build.0 = Release|Any CPU
		{905E72A3-239A-4D01-83B3-FAE7DBE08A04}.Debug|Any CPU.ActiveCfg = Debug|Any CPU
		{905E72A3-239A-4D01-83B3-FAE7DBE08A04}.Debug|Any CPU.Build.0 = Debug|Any CPU
		{905E72A3-239A-4D01-83B3-FAE7DBE08A04}.Release|Any CPU.ActiveCfg = Release|Any CPU
		{905E72A3-239A-4D01-83B3-FAE7DBE08A04}.Release|Any CPU.Build.0 = Release|Any CPU
		{88FAE179-5363-4378-9129-CB3EBFFE6D80}.Debug|Any CPU.ActiveCfg = Debug|Any CPU
		{88FAE179-5363-4378-9129-CB3EBFFE6D80}.Debug|Any CPU.Build.0 = Debug|Any CPU
		{88FAE179-5363-4378-9129-CB3EBFFE6D80}.Release|Any CPU.ActiveCfg = Release|Any CPU
		{88FAE179-5363-4378-9129-CB3EBFFE6D80}.Release|Any CPU.Build.0 = Release|Any CPU
		{83BAD053-9184-4D2D-BDA3-CEF3AC6AAD84}.Debug|Any CPU.ActiveCfg = Debug|Any CPU
		{83BAD053-9184-4D2D-BDA3-CEF3AC6AAD84}.Debug|Any CPU.Build.0 = Debug|Any CPU
		{83BAD053-9184-4D2D-BDA3-CEF3AC6AAD84}.Release|Any CPU.ActiveCfg = Release|Any CPU
		{83BAD053-9184-4D2D-BDA3-CEF3AC6AAD84}.Release|Any CPU.Build.0 = Release|Any CPU
		{45D5FD95-B688-41C2-9140-19B3FD5487C4}.Debug|Any CPU.ActiveCfg = Debug|Any CPU
		{45D5FD95-B688-41C2-9140-19B3FD5487C4}.Debug|Any CPU.Build.0 = Debug|Any CPU
		{45D5FD95-B688-41C2-9140-19B3FD5487C4}.Release|Any CPU.ActiveCfg = Release|Any CPU
		{45D5FD95-B688-41C2-9140-19B3FD5487C4}.Release|Any CPU.Build.0 = Release|Any CPU
		{DD691819-405F-43EE-B440-579D05B42EEF}.Debug|Any CPU.ActiveCfg = Debug|Any CPU
		{DD691819-405F-43EE-B440-579D05B42EEF}.Debug|Any CPU.Build.0 = Debug|Any CPU
		{DD691819-405F-43EE-B440-579D05B42EEF}.Release|Any CPU.ActiveCfg = Release|Any CPU
		{DD691819-405F-43EE-B440-579D05B42EEF}.Release|Any CPU.Build.0 = Release|Any CPU
		{9B4E3474-1D0E-4131-A722-DFE024BEE020}.Debug|Any CPU.ActiveCfg = Debug|Any CPU
		{9B4E3474-1D0E-4131-A722-DFE024BEE020}.Debug|Any CPU.Build.0 = Debug|Any CPU
		{9B4E3474-1D0E-4131-A722-DFE024BEE020}.Release|Any CPU.ActiveCfg = Release|Any CPU
		{9B4E3474-1D0E-4131-A722-DFE024BEE020}.Release|Any CPU.Build.0 = Release|Any CPU
		{756D069B-2F0B-4A07-B61A-B388634C3E6B}.Debug|Any CPU.ActiveCfg = Debug|Any CPU
		{756D069B-2F0B-4A07-B61A-B388634C3E6B}.Debug|Any CPU.Build.0 = Debug|Any CPU
		{756D069B-2F0B-4A07-B61A-B388634C3E6B}.Release|Any CPU.ActiveCfg = Release|Any CPU
		{756D069B-2F0B-4A07-B61A-B388634C3E6B}.Release|Any CPU.Build.0 = Release|Any CPU
		{3A2E28B4-A763-44D0-8409-1E63A774EB49}.Debug|Any CPU.ActiveCfg = Debug|Any CPU
		{3A2E28B4-A763-44D0-8409-1E63A774EB49}.Debug|Any CPU.Build.0 = Debug|Any CPU
		{3A2E28B4-A763-44D0-8409-1E63A774EB49}.Release|Any CPU.ActiveCfg = Release|Any CPU
		{3A2E28B4-A763-44D0-8409-1E63A774EB49}.Release|Any CPU.Build.0 = Release|Any CPU
	EndGlobalSection
	GlobalSection(SolutionProperties) = preSolution
		HideSolutionNode = FALSE
	EndGlobalSection
	GlobalSection(TeamFoundationVersionControl) = preSolution
		SccNumberOfProjects = 11
		SccEnterpriseProvider = {4CA58AB2-18FA-4F8D-95D4-32DDF27D184C}
		SccTeamFoundationServer = http://192.168.1.108:8080/tfs/defaultcollection
		SccLocalPath0 = .
		SccProjectUniqueName1 = Biz\\Biz.csproj
		SccProjectName1 = Biz
		SccLocalPath1 = Biz
		SccProjectUniqueName2 = ICEMS_WebManagement.Tests\\ICEMS_WebManagement.Tests.csproj
		SccProjectName2 = ICEMS_WebManagement.Tests
		SccLocalPath2 = ICEMS_WebManagement.Tests
		SccProjectUniqueName3 = ICEMS_WebManagement2.Tests\\ICEMS_WebManagement2.Tests.csproj
		SccProjectName3 = ICEMS_WebManagement2.Tests
		SccLocalPath3 = ICEMS_WebManagement2.Tests
		SccProjectUniqueName4 = ICEMS_WebManagement2\\ICEMS_WebManagement2.csproj
		SccProjectName4 = ICEMS_WebManagement2
		SccLocalPath4 = ICEMS_WebManagement2
		SccProjectUniqueName5 = ICEMS_WebManagement\\ICEMS_WebManagement.csproj
		SccProjectName5 = ICEMS_WebManagement
		SccLocalPath5 = ICEMS_WebManagement
		SccProjectUniqueName6 = ReportingServices\\ReportingServices.csproj
		SccProjectName6 = ReportingServices
		SccLocalPath6 = ReportingServices
		SccProjectUniqueName7 = SQL\\SQL.csproj
		SccProjectName7 = SQL
		SccLocalPath7 = SQL
		SccProjectUniqueName8 = ..\\..\\项目\\ReportingServices-master\\Common\\Common.csproj
		SccProjectName8 = Common
		SccLocalPath8 = ..\\..\\项目\\ReportingServices-master\\Common
		SccProjectUniqueName9 = ..\\..\\项目\\ReportingServices-master\\DAL\\DAL.csproj
		SccProjectName9 = DAL
		SccLocalPath9 = ..\\..\\项目\\ReportingServices-master\\DAL
		SccProjectUniqueName10 = ..\\..\\项目\\ReportingServices-master\\Model\\Model.csproj
		SccProjectName10 = Model
		SccLocalPath10 = ..\\..\\项目\\ReportingServices-master\\Model
	EndGlobalSection
EndGlobal
