
Microsoft Visual Studio Solution File, Format Version 12.00
# Visual Studio 14
VisualStudioVersion = 14.0.23107.0
MinimumVisualStudioVersion = 10.0.40219.1
Project("{FAE04EC0-301F-11D3-BF4B-00C04F79EFBC}") = "ReportingServices", "ReportingServices\ReportingServices.csproj", "{ADA055D2-BC42-47A8-9A00-3D49FCE539AD}"
EndProject
Project("{FAE04EC0-301F-11D3-BF4B-00C04F79EFBC}") = "Biz", "Biz\Biz.csproj", "{0BC4DD0B-9541-46C8-A7DC-D8FC86FBB740}"
EndProject
Project("{FAE04EC0-301F-11D3-BF4B-00C04F79EFBC}") = "SQL", "SQL\SQL.csproj", "{905E72A3-239A-4D01-83B3-FAE7DBE08A04}"
EndProject
Project("{FAE04EC0-301F-11D3-BF4B-00C04F79EFBC}") = "Common", "Common\Common.csproj", "{9B4E3474-1D0E-4131-A722-DFE024BEE020}"
EndProject
Project("{FAE04EC0-301F-11D3-BF4B-00C04F79EFBC}") = "DAL", "DAL\DAL.csproj", "{756D069B-2F0B-4A07-B61A-B388634C3E6B}"
EndProject
Project("{FAE04EC0-301F-11D3-BF4B-00C04F79EFBC}") = "Model", "Model\Model.csproj", "{3A2E28B4-A763-44D0-8409-1E63A774EB49}"
EndProject
Global
	GlobalSection(SolutionConfigurationPlatforms) = preSolution
		Debug|Any CPU = Debug|Any CPU
		Release|Any CPU = Release|Any CPU
	EndGlobalSection
	GlobalSection(ProjectConfigurationPlatforms) = postSolution
		{ADA055D2-BC42-47A8-9A00-3D49FCE539AD}.Debug|Any CPU.ActiveCfg = Debug|Any CPU
		{ADA055D2-BC42-47A8-9A00-3D49FCE539AD}.Debug|Any CPU.Build.0 = Debug|Any CPU
		{ADA055D2-BC42-47A8-9A00-3D49FCE539AD}.Release|Any CPU.ActiveCfg = Release|Any CPU
		{ADA055D2-BC42-47A8-9A00-3D49FCE539AD}.Release|Any CPU.Build.0 = Release|Any CPU
		{0BC4DD0B-9541-46C8-A7DC-D8FC86FBB740}.Debug|Any CPU.ActiveCfg = Debug|Any CPU
		{0BC4DD0B-9541-46C8-A7DC-D8FC86FBB740}.Debug|Any CPU.Build.0 = Debug|Any CPU
		{0BC4DD0B-9541-46C8-A7DC-D8FC86FBB740}.Release|Any CPU.ActiveCfg = Release|Any CPU
		{0BC4DD0B-9541-46C8-A7DC-D8FC86FBB740}.Release|Any CPU.Build.0 = Release|Any CPU
		{905E72A3-239A-4D01-83B3-FAE7DBE08A04}.Debug|Any CPU.ActiveCfg = Debug|Any CPU
		{905E72A3-239A-4D01-83B3-FAE7DBE08A04}.Debug|Any CPU.Build.0 = Debug|Any CPU
		{905E72A3-239A-4D01-83B3-FAE7DBE08A04}.Release|Any CPU.ActiveCfg = Release|Any CPU
		{905E72A3-239A-4D01-83B3-FAE7DBE08A04}.Release|Any CPU.Build.0 = Release|Any CPU
		{9B4E3474-1D0E-4131-A722-DFE024BEE020}.Debug|Any CPU.ActiveCfg = Debug|Any CPU
		{9B4E3474-1D0E-4131-A722-DFE024BEE020}.Debug|Any CPU.Build.0 = Debug|Any CPU
		{9B4E3474-1D0E-4131-A722-DFE024BEE020}.Release|Any CPU.ActiveCfg = Release|Any CPU
		{9B4E3474-1D0E-4131-A722-DFE024BEE020}.Release|Any CPU.Build.0 = Release|Any CPU
		{756D069B-2F0B-4A07-B61A-B388634C3E6B}.Debug|Any CPU.ActiveCfg = Debug|Any CPU
		{756D069B-2F0B-4A07-B61A-B388634C3E6B}.Debug|Any CPU.Build.0 = Debug|Any CPU
		{756D069B-2F0B-4A07-B61A-B388634C3E6B}.Release|Any CPU.ActiveCfg = Release|Any CPU
		{756D069B-2F0B-4A07-B61A-B388634C3E6B}.Release|Any CPU.Build.0 = Release|Any CPU
		{3A2E28B4-A763-44D0-8409-1E63A774EB49}.Debug|Any CPU.ActiveCfg = Debug|Any CPU
		{3A2E28B4-A763-44D0-8409-1E63A774EB49}.Debug|Any CPU.Build.0 = Debug|Any CPU
		{3A2E28B4-A763-44D0-8409-1E63A774EB49}.Release|Any CPU.ActiveCfg = Release|Any CPU
		{3A2E28B4-A763-44D0-8409-1E63A774EB49}.Release|Any CPU.Build.0 = Release|Any CPU
	EndGlobalSection
	GlobalSection(SolutionProperties) = preSolution
		HideSolutionNode = FALSE
	EndGlobalSection
EndGlobal
